{
  "name": "cosmic-moments",
  "version": "1.0.0",
  "lockfileVersion": 1,
  "requires": true,
  "dependencies": {
    "microlib-tabs": {
      "version": "2.1.1",
      "resolved": "https://registry.npmjs.org/microlib-tabs/-/microlib-tabs-2.1.1.tgz",
      "integrity": "sha512-clIxsxmoXBUOCaw+FI8BW2jNlp0AQt7JL9JWIarb44Ajc9/n5JJC39rxcBYzMvFLVn689cgGAhRseu3o1Mdpxw=="
    }
  }
}
