{
  "name": "cosmic-moments",
  "version": "1.0.0",
  "lockfileVersion": 1,
  "requires": true,
  "dependencies": {
    "microlib-tabs": {
      "version": "2.1.1",
      "resolved": "https://registry.npmjs.org/microlib-tabs/-/microlib-tabs-2.1.1.tgz",
      "integrity": "sha512-clIxsxmoXBUOCaw+FI8BW2jNlp0AQt7JL9JWIarb44Ajc9/n5JJC39rxcBYzMvFLVn689cgGAhRseu3o1Mdpxw=="
    },
    "moment": {
      "version": "2.21.0",
      "resolved": "https://registry.npmjs.org/moment/-/moment-2.21.0.tgz",
      "integrity": "sha512-TCZ36BjURTeFTM/CwRcViQlfkMvL1/vFISuNLO5GkcVm1+QHfbSiNqZuWeMFjj1/3+uAjXswgRk30j1kkLYJBQ==",
      "optional": true
    },
    "pikaday": {
      "version": "1.7.0",
      "resolved": "https://registry.npmjs.org/pikaday/-/pikaday-1.7.0.tgz",
      "integrity": "sha512-b1z65oFulNTKOdcg9+wTnZWBzfekf1AqPMCmmK9qH6aT7stqDyh76G6nLeuYr3WqchjW/7QLOBFmok14sCecsA==",
      "requires": {
        "moment": "2.21.0"
      }
    }
  }
}
